
Microsoft Visual Studio Solution File, Format Version 12.00
# Visual Studio Version 17
VisualStudioVersion = 17.9.34728.123
MinimumVisualStudioVersion = 10.0.40219.1
Project("{888888A0-9F3D-457C-B088-3A5042F75D52}") = "RouletteSim", "RouletteSim\RouletteSim.pyproj", "{66CB39CF-C374-429D-8796-D2D718DF43F8}"
EndProject
Global
	GlobalSection(SolutionConfigurationPlatforms) = preSolution
		Debug|Any CPU = Debug|Any CPU
		Release|Any CPU = Release|Any CPU
	EndGlobalSection
	GlobalSection(ProjectConfigurationPlatforms) = postSolution
		{66CB39CF-C374-429D-8796-D2D718DF43F8}.Debug|Any CPU.ActiveCfg = Debug|Any CPU
		{66CB39CF-C374-429D-8796-D2D718DF43F8}.Release|Any CPU.ActiveCfg = Release|Any CPU
	EndGlobalSection
	GlobalSection(SolutionProperties) = preSolution
		HideSolutionNode = FALSE
	EndGlobalSection
	GlobalSection(ExtensibilityGlobals) = postSolution
		SolutionGuid = {1C51E37E-3EC3-494C-A75F-E6CCCA2AD325}
	EndGlobalSection
EndGlobal
